
Microsoft Visual Studio Solution File, Format Version 12.00
# Visual Studio Version 17
VisualStudioVersion = 17.5.001.0
MinimumVisualStudioVersion = 10.0.40219.1
Project("{9A19103F-16F7-4668-BE54-9A1E7A4F7556}") = "Example_53", "Example_53.csproj", "{6BFA538A-9E95-4FAA-87F5-D3BB9CCA0BD4}"
EndProject
Global
	GlobalSection(SolutionConfigurationPlatforms) = preSolution
		Debug|Any CPU = Debug|Any CPU
		Release|Any CPU = Release|Any CPU
	EndGlobalSection
	GlobalSection(ProjectConfigurationPlatforms) = postSolution
		{6BFA538A-9E95-4FAA-87F5-D3BB9CCA0BD4}.Debug|Any CPU.ActiveCfg = Debug|Any CPU
		{6BFA538A-9E95-4FAA-87F5-D3BB9CCA0BD4}.Debug|Any CPU.Build.0 = Debug|Any CPU
		{6BFA538A-9E95-4FAA-87F5-D3BB9CCA0BD4}.Release|Any CPU.ActiveCfg = Release|Any CPU
		{6BFA538A-9E95-4FAA-87F5-D3BB9CCA0BD4}.Release|Any CPU.Build.0 = Release|Any CPU
	EndGlobalSection
	GlobalSection(SolutionProperties) = preSolution
		HideSolutionNode = FALSE
	EndGlobalSection
	GlobalSection(ExtensibilityGlobals) = postSolution
		SolutionGuid = {A800380B-D5F8-4897-8AB2-6F76CD443550}
	EndGlobalSection
EndGlobal
